// !$*UTF8*$!
{
	archiveVersion = 1;
	classes = {
	};
	objectVersion = 56;
	objects = {

/* Begin PBXBuildFile section */
		22909CA728E5B74300CB418A /* PracticeViewController.swift in Sources */ = {isa = PBXBuildFile; fileRef = 22909CA628E5B74300CB418A /* PracticeViewController.swift */; };
		435EBBB628E4C8CE004A7296 /* CalendarHelper.swift in Sources */ = {isa = PBXBuildFile; fileRef = 435EBBB528E4C8CE004A7296 /* CalendarHelper.swift */; };
		435EBBD828E591FB004A7296 /* NutritionViewCell.swift in Sources */ = {isa = PBXBuildFile; fileRef = 435EBBD728E591FB004A7296 /* NutritionViewCell.swift */; };
		435EBBDA28E6D104004A7296 /* FoodItemViewCell.swift in Sources */ = {isa = PBXBuildFile; fileRef = 435EBBD928E6D104004A7296 /* FoodItemViewCell.swift */; };
		435EBBDC28E6D225004A7296 /* Extensions.swift in Sources */ = {isa = PBXBuildFile; fileRef = 435EBBDB28E6D225004A7296 /* Extensions.swift */; };
		436232BB28E2FE7100B41DB3 /* CalorieBuddy.xcdatamodeld in Sources */ = {isa = PBXBuildFile; fileRef = 436232B928E2FE7000B41DB3 /* CalorieBuddy.xcdatamodeld */; };
		437DAC2228E4554E0034D810 /* DatePickerViewCell.swift in Sources */ = {isa = PBXBuildFile; fileRef = 437DAC2128E4554E0034D810 /* DatePickerViewCell.swift */; };
		43B997D328DC605D007A431F /* AppDelegate.swift in Sources */ = {isa = PBXBuildFile; fileRef = 43B997D228DC605D007A431F /* AppDelegate.swift */; };
		43B997D528DC605D007A431F /* SceneDelegate.swift in Sources */ = {isa = PBXBuildFile; fileRef = 43B997D428DC605D007A431F /* SceneDelegate.swift */; };
		43B997DC28DC6060007A431F /* Assets.xcassets in Resources */ = {isa = PBXBuildFile; fileRef = 43B997DB28DC6060007A431F /* Assets.xcassets */; };
		43B997DF28DC6060007A431F /* LaunchScreen.storyboard in Resources */ = {isa = PBXBuildFile; fileRef = 43B997DD28DC6060007A431F /* LaunchScreen.storyboard */; };
		43EF6C6728E42CF200914C44 /* StatsViewController.swift in Sources */ = {isa = PBXBuildFile; fileRef = 43EF6C6628E42CF200914C44 /* StatsViewController.swift */; };
		5C147F9D28E2F747008008FC /* UIImageView.swift in Sources */ = {isa = PBXBuildFile; fileRef = 5C147F9C28E2F747008008FC /* UIImageView.swift */; };
		5C147FA128E2F77A008008FC /* FoodItemCell.xib in Resources */ = {isa = PBXBuildFile; fileRef = 5C147F9F28E2F77A008008FC /* FoodItemCell.xib */; };
		5C147FA228E2F77A008008FC /* FoodItemCell.swift in Sources */ = {isa = PBXBuildFile; fileRef = 5C147FA028E2F77A008008FC /* FoodItemCell.swift */; };
		5C147FA528E2F7A8008008FC /* Food.swift in Sources */ = {isa = PBXBuildFile; fileRef = 5C147FA328E2F7A8008008FC /* Food.swift */; };
		5C147FA928E2F7C9008008FC /* DataProvider.swift in Sources */ = {isa = PBXBuildFile; fileRef = 5C147FA828E2F7C9008008FC /* DataProvider.swift */; };
		5C147FAB28E2F900008008FC /* Main.storyboard in Resources */ = {isa = PBXBuildFile; fileRef = 5C147FAA28E2F900008008FC /* Main.storyboard */; };
		5C147FAE28E2F935008008FC /* DetailViewController.swift in Sources */ = {isa = PBXBuildFile; fileRef = 5C147FAC28E2F935008008FC /* DetailViewController.swift */; };
		5C147FAF28E2F935008008FC /* ViewController.swift in Sources */ = {isa = PBXBuildFile; fileRef = 5C147FAD28E2F935008008FC /* ViewController.swift */; };
		5C37854128E5797F005AB827 /* RecommendedViewController.swift in Sources */ = {isa = PBXBuildFile; fileRef = 5C37854028E5797F005AB827 /* RecommendedViewController.swift */; };
		5C37854A28E5A360005AB827 /* RecommendedCollectionViewCell.swift in Sources */ = {isa = PBXBuildFile; fileRef = 5C37854928E5A360005AB827 /* RecommendedCollectionViewCell.swift */; };
		5CF7C19628E429FD00B84361 /* ProfileViewController.swift in Sources */ = {isa = PBXBuildFile; fileRef = 5CF7C19528E429FD00B84361 /* ProfileViewController.swift */; };
		5CF7C19828E42D1B00B84361 /* DatabaseHandler.swift in Sources */ = {isa = PBXBuildFile; fileRef = 5CF7C19728E42D1B00B84361 /* DatabaseHandler.swift */; };
		5CF7C19A28E4672A00B84361 /* EditViewController.swift in Sources */ = {isa = PBXBuildFile; fileRef = 5CF7C19928E4672A00B84361 /* EditViewController.swift */; };
		B873FCA028E34D4B00A3FE4E /* FoodItem+CoreDataClass.swift in Sources */ = {isa = PBXBuildFile; fileRef = B873FC9E28E34D4B00A3FE4E /* FoodItem+CoreDataClass.swift */; };
		B873FCA128E34D4B00A3FE4E /* FoodItem+CoreDataProperties.swift in Sources */ = {isa = PBXBuildFile; fileRef = B873FC9F28E34D4B00A3FE4E /* FoodItem+CoreDataProperties.swift */; };
/* End PBXBuildFile section */

/* Begin PBXFileReference section */
		22909CA628E5B74300CB418A /* PracticeViewController.swift */ = {isa = PBXFileReference; lastKnownFileType = sourcecode.swift; path = PracticeViewController.swift; sourceTree = "<group>"; };
		435EBBB528E4C8CE004A7296 /* CalendarHelper.swift */ = {isa = PBXFileReference; fileEncoding = 4; lastKnownFileType = sourcecode.swift; path = CalendarHelper.swift; sourceTree = "<group>"; };
		435EBBD728E591FB004A7296 /* NutritionViewCell.swift */ = {isa = PBXFileReference; lastKnownFileType = sourcecode.swift; path = NutritionViewCell.swift; sourceTree = "<group>"; };
		435EBBD928E6D104004A7296 /* FoodItemViewCell.swift */ = {isa = PBXFileReference; lastKnownFileType = sourcecode.swift; path = FoodItemViewCell.swift; sourceTree = "<group>"; };
		435EBBDB28E6D225004A7296 /* Extensions.swift */ = {isa = PBXFileReference; lastKnownFileType = sourcecode.swift; path = Extensions.swift; sourceTree = "<group>"; };
		436232BA28E2FE7100B41DB3 /* CalorieBuddy.xcdatamodel */ = {isa = PBXFileReference; lastKnownFileType = wrapper.xcdatamodel; path = CalorieBuddy.xcdatamodel; sourceTree = "<group>"; };
		437DAC2128E4554E0034D810 /* DatePickerViewCell.swift */ = {isa = PBXFileReference; lastKnownFileType = sourcecode.swift; path = DatePickerViewCell.swift; sourceTree = "<group>"; };
		43B997CF28DC605D007A431F /* CalorieBuddy.app */ = {isa = PBXFileReference; explicitFileType = wrapper.application; includeInIndex = 0; path = CalorieBuddy.app; sourceTree = BUILT_PRODUCTS_DIR; };
		43B997D228DC605D007A431F /* AppDelegate.swift */ = {isa = PBXFileReference; lastKnownFileType = sourcecode.swift; path = AppDelegate.swift; sourceTree = "<group>"; };
		43B997D428DC605D007A431F /* SceneDelegate.swift */ = {isa = PBXFileReference; lastKnownFileType = sourcecode.swift; path = SceneDelegate.swift; sourceTree = "<group>"; };
		43B997DB28DC6060007A431F /* Assets.xcassets */ = {isa = PBXFileReference; lastKnownFileType = folder.assetcatalog; path = Assets.xcassets; sourceTree = "<group>"; };
		43B997DE28DC6060007A431F /* Base */ = {isa = PBXFileReference; lastKnownFileType = file.storyboard; name = Base; path = Base.lproj/LaunchScreen.storyboard; sourceTree = "<group>"; };
		43B997E028DC6060007A431F /* Info.plist */ = {isa = PBXFileReference; lastKnownFileType = text.plist.xml; path = Info.plist; sourceTree = "<group>"; };
		43EF6C6628E42CF200914C44 /* StatsViewController.swift */ = {isa = PBXFileReference; lastKnownFileType = sourcecode.swift; path = StatsViewController.swift; sourceTree = "<group>"; };
		5C147F9C28E2F747008008FC /* UIImageView.swift */ = {isa = PBXFileReference; fileEncoding = 4; lastKnownFileType = sourcecode.swift; path = UIImageView.swift; sourceTree = "<group>"; };
		5C147F9F28E2F77A008008FC /* FoodItemCell.xib */ = {isa = PBXFileReference; fileEncoding = 4; lastKnownFileType = file.xib; path = FoodItemCell.xib; sourceTree = "<group>"; };
		5C147FA028E2F77A008008FC /* FoodItemCell.swift */ = {isa = PBXFileReference; fileEncoding = 4; lastKnownFileType = sourcecode.swift; path = FoodItemCell.swift; sourceTree = "<group>"; };
		5C147FA328E2F7A8008008FC /* Food.swift */ = {isa = PBXFileReference; fileEncoding = 4; lastKnownFileType = sourcecode.swift; path = Food.swift; sourceTree = "<group>"; };
		5C147FA828E2F7C9008008FC /* DataProvider.swift */ = {isa = PBXFileReference; lastKnownFileType = sourcecode.swift; path = DataProvider.swift; sourceTree = "<group>"; };
		5C147FAA28E2F900008008FC /* Main.storyboard */ = {isa = PBXFileReference; fileEncoding = 4; lastKnownFileType = file.storyboard; path = Main.storyboard; sourceTree = "<group>"; };
		5C147FAC28E2F935008008FC /* DetailViewController.swift */ = {isa = PBXFileReference; fileEncoding = 4; lastKnownFileType = sourcecode.swift; path = DetailViewController.swift; sourceTree = "<group>"; };
		5C147FAD28E2F935008008FC /* ViewController.swift */ = {isa = PBXFileReference; fileEncoding = 4; lastKnownFileType = sourcecode.swift; path = ViewController.swift; sourceTree = "<group>"; };
		5C37854028E5797F005AB827 /* RecommendedViewController.swift */ = {isa = PBXFileReference; lastKnownFileType = sourcecode.swift; path = RecommendedViewController.swift; sourceTree = "<group>"; };
		5C37854928E5A360005AB827 /* RecommendedCollectionViewCell.swift */ = {isa = PBXFileReference; lastKnownFileType = sourcecode.swift; path = RecommendedCollectionViewCell.swift; sourceTree = "<group>"; };
		5CF7C19528E429FD00B84361 /* ProfileViewController.swift */ = {isa = PBXFileReference; lastKnownFileType = sourcecode.swift; path = ProfileViewController.swift; sourceTree = "<group>"; };
		5CF7C19728E42D1B00B84361 /* DatabaseHandler.swift */ = {isa = PBXFileReference; lastKnownFileType = sourcecode.swift; path = DatabaseHandler.swift; sourceTree = "<group>"; };
		5CF7C19928E4672A00B84361 /* EditViewController.swift */ = {isa = PBXFileReference; lastKnownFileType = sourcecode.swift; path = EditViewController.swift; sourceTree = "<group>"; };
		B873FC9E28E34D4B00A3FE4E /* FoodItem+CoreDataClass.swift */ = {isa = PBXFileReference; lastKnownFileType = sourcecode.swift; path = "FoodItem+CoreDataClass.swift"; sourceTree = "<group>"; };
		B873FC9F28E34D4B00A3FE4E /* FoodItem+CoreDataProperties.swift */ = {isa = PBXFileReference; lastKnownFileType = sourcecode.swift; path = "FoodItem+CoreDataProperties.swift"; sourceTree = "<group>"; };
/* End PBXFileReference section */

/* Begin PBXFrameworksBuildPhase section */
		43B997CC28DC605D007A431F /* Frameworks */ = {
			isa = PBXFrameworksBuildPhase;
			buildActionMask = 2147483647;
			files = (
			);
			runOnlyForDeploymentPostprocessing = 0;
		};
/* End PBXFrameworksBuildPhase section */

/* Begin PBXGroup section */
		43B997C628DC605D007A431F = {
			isa = PBXGroup;
			children = (
				43B997D128DC605D007A431F /* CalorieBuddy */,
				43B997D028DC605D007A431F /* Products */,
			);
			sourceTree = "<group>";
		};
		43B997D028DC605D007A431F /* Products */ = {
			isa = PBXGroup;
			children = (
				43B997CF28DC605D007A431F /* CalorieBuddy.app */,
			);
			name = Products;
			sourceTree = "<group>";
		};
		43B997D128DC605D007A431F /* CalorieBuddy */ = {
			isa = PBXGroup;
			children = (
				43EF6C6428E42CDA00914C44 /* Views */,
				436232B928E2FE7000B41DB3 /* CalorieBuddy.xcdatamodeld */,
				5C147F9E28E2F753008008FC /* Extensions */,
				43B997D228DC605D007A431F /* AppDelegate.swift */,
				43B997D428DC605D007A431F /* SceneDelegate.swift */,
				5C147FB028E2F971008008FC /* Controller */,
				5C147FA728E2F7B8008008FC /* Model */,
				43B997DB28DC6060007A431F /* Assets.xcassets */,
				5C147FAA28E2F900008008FC /* Main.storyboard */,
				43B997DD28DC6060007A431F /* LaunchScreen.storyboard */,
				43B997E028DC6060007A431F /* Info.plist */,
			);
			path = CalorieBuddy;
			sourceTree = "<group>";
		};
		43EF6C6428E42CDA00914C44 /* Views */ = {
			isa = PBXGroup;
			children = (
				43EF6C6528E42CDF00914C44 /* Stats */,
			);
			path = Views;
			sourceTree = "<group>";
		};
		43EF6C6528E42CDF00914C44 /* Stats */ = {
			isa = PBXGroup;
			children = (
				435EBBD728E591FB004A7296 /* NutritionViewCell.swift */,
				43EF6C6628E42CF200914C44 /* StatsViewController.swift */,
				437DAC2128E4554E0034D810 /* DatePickerViewCell.swift */,
				435EBBD928E6D104004A7296 /* FoodItemViewCell.swift */,
			);
			path = Stats;
			sourceTree = "<group>";
		};
		5C147F9E28E2F753008008FC /* Extensions */ = {
			isa = PBXGroup;
			children = (
				435EBBB528E4C8CE004A7296 /* CalendarHelper.swift */,
				5C147F9C28E2F747008008FC /* UIImageView.swift */,
				435EBBDB28E6D225004A7296 /* Extensions.swift */,
			);
			path = Extensions;
			sourceTree = "<group>";
		};
		5C147FA728E2F7B8008008FC /* Model */ = {
			isa = PBXGroup;
			children = (
				B873FC9E28E34D4B00A3FE4E /* FoodItem+CoreDataClass.swift */,
				B873FC9F28E34D4B00A3FE4E /* FoodItem+CoreDataProperties.swift */,
				5C147FA828E2F7C9008008FC /* DataProvider.swift */,
				5C147FA328E2F7A8008008FC /* Food.swift */,
				5CF7C19728E42D1B00B84361 /* DatabaseHandler.swift */,
			);
			path = Model;
			sourceTree = "<group>";
		};
		5C147FB028E2F971008008FC /* Controller */ = {
			isa = PBXGroup;
			children = (
				5C147FAC28E2F935008008FC /* DetailViewController.swift */,
				5C147FAD28E2F935008008FC /* ViewController.swift */,
				5C147FA028E2F77A008008FC /* FoodItemCell.swift */,
				5C147F9F28E2F77A008008FC /* FoodItemCell.xib */,
				5CF7C19528E429FD00B84361 /* ProfileViewController.swift */,
				5CF7C19928E4672A00B84361 /* EditViewController.swift */,
				5C37854028E5797F005AB827 /* RecommendedViewController.swift */,
				5C37854928E5A360005AB827 /* RecommendedCollectionViewCell.swift */,
				22909CA628E5B74300CB418A /* PracticeViewController.swift */,
			);
			path = Controller;
			sourceTree = "<group>";
		};
/* End PBXGroup section */

/* Begin PBXNativeTarget section */
		43B997CE28DC605D007A431F /* CalorieBuddy */ = {
			isa = PBXNativeTarget;
			buildConfigurationList = 43B997E328DC6060007A431F /* Build configuration list for PBXNativeTarget "CalorieBuddy" */;
			buildPhases = (
				43B997CB28DC605D007A431F /* Sources */,
				43B997CC28DC605D007A431F /* Frameworks */,
				43B997CD28DC605D007A431F /* Resources */,
			);
			buildRules = (
			);
			dependencies = (
			);
			name = CalorieBuddy;
			productName = CalorieBuddy;
			productReference = 43B997CF28DC605D007A431F /* CalorieBuddy.app */;
			productType = "com.apple.product-type.application";
		};
/* End PBXNativeTarget section */

/* Begin PBXProject section */
		43B997C728DC605D007A431F /* Project object */ = {
			isa = PBXProject;
			attributes = {
				BuildIndependentTargetsInParallel = 1;
				LastSwiftUpdateCheck = 1400;
				LastUpgradeCheck = 1400;
				TargetAttributes = {
					43B997CE28DC605D007A431F = {
						CreatedOnToolsVersion = 14.0;
					};
				};
			};
			buildConfigurationList = 43B997CA28DC605D007A431F /* Build configuration list for PBXProject "CalorieBuddy" */;
			compatibilityVersion = "Xcode 14.0";
			developmentRegion = en;
			hasScannedForEncodings = 0;
			knownRegions = (
				en,
				Base,
			);
			mainGroup = 43B997C628DC605D007A431F;
			productRefGroup = 43B997D028DC605D007A431F /* Products */;
			projectDirPath = "";
			projectRoot = "";
			targets = (
				43B997CE28DC605D007A431F /* CalorieBuddy */,
			);
		};
/* End PBXProject section */

/* Begin PBXResourcesBuildPhase section */
		43B997CD28DC605D007A431F /* Resources */ = {
			isa = PBXResourcesBuildPhase;
			buildActionMask = 2147483647;
			files = (
				5C147FA128E2F77A008008FC /* FoodItemCell.xib in Resources */,
				43B997DF28DC6060007A431F /* LaunchScreen.storyboard in Resources */,
				43B997DC28DC6060007A431F /* Assets.xcassets in Resources */,
				5C147FAB28E2F900008008FC /* Main.storyboard in Resources */,
			);
			runOnlyForDeploymentPostprocessing = 0;
		};
/* End PBXResourcesBuildPhase section */

/* Begin PBXSourcesBuildPhase section */
		43B997CB28DC605D007A431F /* Sources */ = {
			isa = PBXSourcesBuildPhase;
			buildActionMask = 2147483647;
			files = (
				435EBBDC28E6D225004A7296 /* Extensions.swift in Sources */,
				435EBBD828E591FB004A7296 /* NutritionViewCell.swift in Sources */,
				435EBBDA28E6D104004A7296 /* FoodItemViewCell.swift in Sources */,
				5C147F9D28E2F747008008FC /* UIImageView.swift in Sources */,
				5C147FA928E2F7C9008008FC /* DataProvider.swift in Sources */,
				5C147FA228E2F77A008008FC /* FoodItemCell.swift in Sources */,
				22909CA728E5B74300CB418A /* PracticeViewController.swift in Sources */,
				43B997D328DC605D007A431F /* AppDelegate.swift in Sources */,
				5CF7C19628E429FD00B84361 /* ProfileViewController.swift in Sources */,
				436232BB28E2FE7100B41DB3 /* CalorieBuddy.xcdatamodeld in Sources */,
				5C37854A28E5A360005AB827 /* RecommendedCollectionViewCell.swift in Sources */,
				437DAC2228E4554E0034D810 /* DatePickerViewCell.swift in Sources */,
				43B997D528DC605D007A431F /* SceneDelegate.swift in Sources */,
				B873FCA028E34D4B00A3FE4E /* FoodItem+CoreDataClass.swift in Sources */,
				5C37854128E5797F005AB827 /* RecommendedViewController.swift in Sources */,
				5C147FA528E2F7A8008008FC /* Food.swift in Sources */,
				5CF7C19A28E4672A00B84361 /* EditViewController.swift in Sources */,
				5CF7C19828E42D1B00B84361 /* DatabaseHandler.swift in Sources */,
				5C147FAF28E2F935008008FC /* ViewController.swift in Sources */,
				5C147FAE28E2F935008008FC /* DetailViewController.swift in Sources */,
				43EF6C6728E42CF200914C44 /* StatsViewController.swift in Sources */,
				B873FCA128E34D4B00A3FE4E /* FoodItem+CoreDataProperties.swift in Sources */,
				435EBBB628E4C8CE004A7296 /* CalendarHelper.swift in Sources */,
			);
			runOnlyForDeploymentPostprocessing = 0;
		};
/* End PBXSourcesBuildPhase section */

/* Begin PBXVariantGroup section */
		43B997DD28DC6060007A431F /* LaunchScreen.storyboard */ = {
			isa = PBXVariantGroup;
			children = (
				43B997DE28DC6060007A431F /* Base */,
			);
			name = LaunchScreen.storyboard;
			sourceTree = "<group>";
		};
/* End PBXVariantGroup section */

/* Begin XCBuildConfiguration section */
		43B997E128DC6060007A431F /* Debug */ = {
			isa = XCBuildConfiguration;
			buildSettings = {
				ALWAYS_SEARCH_USER_PATHS = NO;
				CLANG_ANALYZER_NONNULL = YES;
				CLANG_ANALYZER_NUMBER_OBJECT_CONVERSION = YES_AGGRESSIVE;
				CLANG_CXX_LANGUAGE_STANDARD = "gnu++20";
				CLANG_ENABLE_MODULES = YES;
				CLANG_ENABLE_OBJC_ARC = YES;
				CLANG_ENABLE_OBJC_WEAK = YES;
				CLANG_WARN_BLOCK_CAPTURE_AUTORELEASING = YES;
				CLANG_WARN_BOOL_CONVERSION = YES;
				CLANG_WARN_COMMA = YES;
				CLANG_WARN_CONSTANT_CONVERSION = YES;
				CLANG_WARN_DEPRECATED_OBJC_IMPLEMENTATIONS = YES;
				CLANG_WARN_DIRECT_OBJC_ISA_USAGE = YES_ERROR;
				CLANG_WARN_DOCUMENTATION_COMMENTS = YES;
				CLANG_WARN_EMPTY_BODY = YES;
				CLANG_WARN_ENUM_CONVERSION = YES;
				CLANG_WARN_INFINITE_RECURSION = YES;
				CLANG_WARN_INT_CONVERSION = YES;
				CLANG_WARN_NON_LITERAL_NULL_CONVERSION = YES;
				CLANG_WARN_OBJC_IMPLICIT_RETAIN_SELF = YES;
				CLANG_WARN_OBJC_LITERAL_CONVERSION = YES;
				CLANG_WARN_OBJC_ROOT_CLASS = YES_ERROR;
				CLANG_WARN_QUOTED_INCLUDE_IN_FRAMEWORK_HEADER = YES;
				CLANG_WARN_RANGE_LOOP_ANALYSIS = YES;
				CLANG_WARN_STRICT_PROTOTYPES = YES;
				CLANG_WARN_SUSPICIOUS_MOVE = YES;
				CLANG_WARN_UNGUARDED_AVAILABILITY = YES_AGGRESSIVE;
				CLANG_WARN_UNREACHABLE_CODE = YES;
				CLANG_WARN__DUPLICATE_METHOD_MATCH = YES;
				COPY_PHASE_STRIP = NO;
				DEBUG_INFORMATION_FORMAT = dwarf;
				ENABLE_STRICT_OBJC_MSGSEND = YES;
				ENABLE_TESTABILITY = YES;
				GCC_C_LANGUAGE_STANDARD = gnu11;
				GCC_DYNAMIC_NO_PIC = NO;
				GCC_NO_COMMON_BLOCKS = YES;
				GCC_OPTIMIZATION_LEVEL = 0;
				GCC_PREPROCESSOR_DEFINITIONS = (
					"DEBUG=1",
					"$(inherited)",
				);
				GCC_WARN_64_TO_32_BIT_CONVERSION = YES;
				GCC_WARN_ABOUT_RETURN_TYPE = YES_ERROR;
				GCC_WARN_UNDECLARED_SELECTOR = YES;
				GCC_WARN_UNINITIALIZED_AUTOS = YES_AGGRESSIVE;
				GCC_WARN_UNUSED_FUNCTION = YES;
				GCC_WARN_UNUSED_VARIABLE = YES;
				IPHONEOS_DEPLOYMENT_TARGET = 16.0;
				MTL_ENABLE_DEBUG_INFO = INCLUDE_SOURCE;
				MTL_FAST_MATH = YES;
				ONLY_ACTIVE_ARCH = YES;
				SDKROOT = iphoneos;
				SWIFT_ACTIVE_COMPILATION_CONDITIONS = DEBUG;
				SWIFT_OPTIMIZATION_LEVEL = "-Onone";
			};
			name = Debug;
		};
		43B997E228DC6060007A431F /* Release */ = {
			isa = XCBuildConfiguration;
			buildSettings = {
				ALWAYS_SEARCH_USER_PATHS = NO;
				CLANG_ANALYZER_NONNULL = YES;
				CLANG_ANALYZER_NUMBER_OBJECT_CONVERSION = YES_AGGRESSIVE;
				CLANG_CXX_LANGUAGE_STANDARD = "gnu++20";
				CLANG_ENABLE_MODULES = YES;
				CLANG_ENABLE_OBJC_ARC = YES;
				CLANG_ENABLE_OBJC_WEAK = YES;
				CLANG_WARN_BLOCK_CAPTURE_AUTORELEASING = YES;
				CLANG_WARN_BOOL_CONVERSION = YES;
				CLANG_WARN_COMMA = YES;
				CLANG_WARN_CONSTANT_CONVERSION = YES;
				CLANG_WARN_DEPRECATED_OBJC_IMPLEMENTATIONS = YES;
				CLANG_WARN_DIRECT_OBJC_ISA_USAGE = YES_ERROR;
				CLANG_WARN_DOCUMENTATION_COMMENTS = YES;
				CLANG_WARN_EMPTY_BODY = YES;
				CLANG_WARN_ENUM_CONVERSION = YES;
				CLANG_WARN_INFINITE_RECURSION = YES;
				CLANG_WARN_INT_CONVERSION = YES;
				CLANG_WARN_NON_LITERAL_NULL_CONVERSION = YES;
				CLANG_WARN_OBJC_IMPLICIT_RETAIN_SELF = YES;
				CLANG_WARN_OBJC_LITERAL_CONVERSION = YES;
				CLANG_WARN_OBJC_ROOT_CLASS = YES_ERROR;
				CLANG_WARN_QUOTED_INCLUDE_IN_FRAMEWORK_HEADER = YES;
				CLANG_WARN_RANGE_LOOP_ANALYSIS = YES;
				CLANG_WARN_STRICT_PROTOTYPES = YES;
				CLANG_WARN_SUSPICIOUS_MOVE = YES;
				CLANG_WARN_UNGUARDED_AVAILABILITY = YES_AGGRESSIVE;
				CLANG_WARN_UNREACHABLE_CODE = YES;
				CLANG_WARN__DUPLICATE_METHOD_MATCH = YES;
				COPY_PHASE_STRIP = NO;
				DEBUG_INFORMATION_FORMAT = "dwarf-with-dsym";
				ENABLE_NS_ASSERTIONS = NO;
				ENABLE_STRICT_OBJC_MSGSEND = YES;
				GCC_C_LANGUAGE_STANDARD = gnu11;
				GCC_NO_COMMON_BLOCKS = YES;
				GCC_WARN_64_TO_32_BIT_CONVERSION = YES;
				GCC_WARN_ABOUT_RETURN_TYPE = YES_ERROR;
				GCC_WARN_UNDECLARED_SELECTOR = YES;
				GCC_WARN_UNINITIALIZED_AUTOS = YES_AGGRESSIVE;
				GCC_WARN_UNUSED_FUNCTION = YES;
				GCC_WARN_UNUSED_VARIABLE = YES;
				IPHONEOS_DEPLOYMENT_TARGET = 16.0;
				MTL_ENABLE_DEBUG_INFO = NO;
				MTL_FAST_MATH = YES;
				SDKROOT = iphoneos;
				SWIFT_COMPILATION_MODE = wholemodule;
				SWIFT_OPTIMIZATION_LEVEL = "-O";
				VALIDATE_PRODUCT = YES;
			};
			name = Release;
		};
		43B997E428DC6060007A431F /* Debug */ = {
			isa = XCBuildConfiguration;
			buildSettings = {
				ASSETCATALOG_COMPILER_APPICON_NAME = AppIcon;
				ASSETCATALOG_COMPILER_GLOBAL_ACCENT_COLOR_NAME = AccentColor;
				CODE_SIGN_STYLE = Automatic;
				CURRENT_PROJECT_VERSION = 1;
				DEVELOPMENT_TEAM = 8K52FAQ674;
				GENERATE_INFOPLIST_FILE = YES;
				INFOPLIST_FILE = CalorieBuddy/Info.plist;
				INFOPLIST_KEY_UIApplicationSupportsIndirectInputEvents = YES;
				INFOPLIST_KEY_UILaunchStoryboardName = LaunchScreen;
				INFOPLIST_KEY_UIMainStoryboardFile = Main;
				INFOPLIST_KEY_UISupportedInterfaceOrientations_iPad = "UIInterfaceOrientationPortrait UIInterfaceOrientationPortraitUpsideDown UIInterfaceOrientationLandscapeLeft UIInterfaceOrientationLandscapeRight";
				INFOPLIST_KEY_UISupportedInterfaceOrientations_iPhone = "UIInterfaceOrientationPortrait UIInterfaceOrientationLandscapeLeft UIInterfaceOrientationLandscapeRight";
				LD_RUNPATH_SEARCH_PATHS = (
					"$(inherited)",
					"@executable_path/Frameworks",
				);
				MARKETING_VERSION = 1.0;
				PRODUCT_BUNDLE_IDENTIFIER = pae.CalorieBuddy;
				PRODUCT_NAME = "$(TARGET_NAME)";
				SWIFT_EMIT_LOC_STRINGS = YES;
				SWIFT_VERSION = 5.0;
				TARGETED_DEVICE_FAMILY = "1,2";
			};
			name = Debug;
		};
		43B997E528DC6060007A431F /* Release */ = {
			isa = XCBuildConfiguration;
			buildSettings = {
				ASSETCATALOG_COMPILER_APPICON_NAME = AppIcon;
				ASSETCATALOG_COMPILER_GLOBAL_ACCENT_COLOR_NAME = AccentColor;
				CODE_SIGN_STYLE = Automatic;
				CURRENT_PROJECT_VERSION = 1;
				DEVELOPMENT_TEAM = 8K52FAQ674;
				GENERATE_INFOPLIST_FILE = YES;
				INFOPLIST_FILE = CalorieBuddy/Info.plist;
				INFOPLIST_KEY_UIApplicationSupportsIndirectInputEvents = YES;
				INFOPLIST_KEY_UILaunchStoryboardName = LaunchScreen;
				INFOPLIST_KEY_UIMainStoryboardFile = Main;
				INFOPLIST_KEY_UISupportedInterfaceOrientations_iPad = "UIInterfaceOrientationPortrait UIInterfaceOrientationPortraitUpsideDown UIInterfaceOrientationLandscapeLeft UIInterfaceOrientationLandscapeRight";
				INFOPLIST_KEY_UISupportedInterfaceOrientations_iPhone = "UIInterfaceOrientationPortrait UIInterfaceOrientationLandscapeLeft UIInterfaceOrientationLandscapeRight";
				LD_RUNPATH_SEARCH_PATHS = (
					"$(inherited)",
					"@executable_path/Frameworks",
				);
				MARKETING_VERSION = 1.0;
				PRODUCT_BUNDLE_IDENTIFIER = pae.CalorieBuddy;
				PRODUCT_NAME = "$(TARGET_NAME)";
				SWIFT_EMIT_LOC_STRINGS = YES;
				SWIFT_VERSION = 5.0;
				TARGETED_DEVICE_FAMILY = "1,2";
			};
			name = Release;
		};
/* End XCBuildConfiguration section */

/* Begin XCConfigurationList section */
		43B997CA28DC605D007A431F /* Build configuration list for PBXProject "CalorieBuddy" */ = {
			isa = XCConfigurationList;
			buildConfigurations = (
				43B997E128DC6060007A431F /* Debug */,
				43B997E228DC6060007A431F /* Release */,
			);
			defaultConfigurationIsVisible = 0;
			defaultConfigurationName = Release;
		};
		43B997E328DC6060007A431F /* Build configuration list for PBXNativeTarget "CalorieBuddy" */ = {
			isa = XCConfigurationList;
			buildConfigurations = (
				43B997E428DC6060007A431F /* Debug */,
				43B997E528DC6060007A431F /* Release */,
			);
			defaultConfigurationIsVisible = 0;
			defaultConfigurationName = Release;
		};
/* End XCConfigurationList section */

/* Begin XCVersionGroup section */
		436232B928E2FE7000B41DB3 /* CalorieBuddy.xcdatamodeld */ = {
			isa = XCVersionGroup;
			children = (
				436232BA28E2FE7100B41DB3 /* CalorieBuddy.xcdatamodel */,
			);
			currentVersion = 436232BA28E2FE7100B41DB3 /* CalorieBuddy.xcdatamodel */;
			path = CalorieBuddy.xcdatamodeld;
			sourceTree = "<group>";
			versionGroupType = wrapper.xcdatamodel;
		};
/* End XCVersionGroup section */
	};
	rootObject = 43B997C728DC605D007A431F /* Project object */;
}
